
Microsoft Visual Studio Solution File, Format Version 12.00
# Visual Studio 15
VisualStudioVersion = 15.0.28010.2050
MinimumVisualStudioVersion = 10.0.40219.1
Project("{8BC9CEB8-8B4A-11D0-8D11-00A0C91BC942}") = "ConsoleApplication4", "ConsoleApplication4\ConsoleApplication4.vcxproj", "{7E1B205D-00AD-44C9-8E12-D65183BBE822}"
EndProject
Global
	GlobalSection(SolutionConfigurationPlatforms) = preSolution
		Debug|x64 = Debug|x64
		Debug|x86 = Debug|x86
		Release|x64 = Release|x64
		Release|x86 = Release|x86
	EndGlobalSection
	GlobalSection(ProjectConfigurationPlatforms) = postSolution
		{7E1B205D-00AD-44C9-8E12-D65183BBE822}.Debug|x64.ActiveCfg = Debug|x64
		{7E1B205D-00AD-44C9-8E12-D65183BBE822}.Debug|x64.Build.0 = Debug|x64
		{7E1B205D-00AD-44C9-8E12-D65183BBE822}.Debug|x86.ActiveCfg = Debug|Win32
		{7E1B205D-00AD-44C9-8E12-D65183BBE822}.Debug|x86.Build.0 = Debug|Win32
		{7E1B205D-00AD-44C9-8E12-D65183BBE822}.Release|x64.ActiveCfg = Release|x64
		{7E1B205D-00AD-44C9-8E12-D65183BBE822}.Release|x64.Build.0 = Release|x64
		{7E1B205D-00AD-44C9-8E12-D65183BBE822}.Release|x86.ActiveCfg = Release|Win32
		{7E1B205D-00AD-44C9-8E12-D65183BBE822}.Release|x86.Build.0 = Release|Win32
	EndGlobalSection
	GlobalSection(SolutionProperties) = preSolution
		HideSolutionNode = FALSE
	EndGlobalSection
	GlobalSection(ExtensibilityGlobals) = postSolution
		SolutionGuid = {604976DA-A563-456B-9C2B-4010E7AA3617}
	EndGlobalSection
EndGlobal
